
Microsoft Visual Studio Solution File, Format Version 12.00
# Visual Studio Version 17
VisualStudioVersion = 17.7.34024.191
MinimumVisualStudioVersion = 10.0.40219.1
Project("{FAE04EC0-301F-11D3-BF4B-00C04F79EFBC}") = "Presentacion", "Presentacion\Presentacion.csproj", "{1938D7E8-C09E-4CDF-A60E-03182100BFD5}"
EndProject
Project("{FAE04EC0-301F-11D3-BF4B-00C04F79EFBC}") = "Negocio", "Negocio\Negocio.csproj", "{8AF26B39-011F-4332-AF09-B9FBC502C23F}"
EndProject
Global
	GlobalSection(SolutionConfigurationPlatforms) = preSolution
		Debug|Any CPU = Debug|Any CPU
		Release|Any CPU = Release|Any CPU
	EndGlobalSection
	GlobalSection(ProjectConfigurationPlatforms) = postSolution
		{1938D7E8-C09E-4CDF-A60E-03182100BFD5}.Debug|Any CPU.ActiveCfg = Debug|Any CPU
		{1938D7E8-C09E-4CDF-A60E-03182100BFD5}.Debug|Any CPU.Build.0 = Debug|Any CPU
		{1938D7E8-C09E-4CDF-A60E-03182100BFD5}.Release|Any CPU.ActiveCfg = Release|Any CPU
		{1938D7E8-C09E-4CDF-A60E-03182100BFD5}.Release|Any CPU.Build.0 = Release|Any CPU
		{8AF26B39-011F-4332-AF09-B9FBC502C23F}.Debug|Any CPU.ActiveCfg = Debug|Any CPU
		{8AF26B39-011F-4332-AF09-B9FBC502C23F}.Debug|Any CPU.Build.0 = Debug|Any CPU
		{8AF26B39-011F-4332-AF09-B9FBC502C23F}.Release|Any CPU.ActiveCfg = Release|Any CPU
		{8AF26B39-011F-4332-AF09-B9FBC502C23F}.Release|Any CPU.Build.0 = Release|Any CPU
	EndGlobalSection
	GlobalSection(SolutionProperties) = preSolution
		HideSolutionNode = FALSE
	EndGlobalSection
	GlobalSection(ExtensibilityGlobals) = postSolution
		SolutionGuid = {39795183-506D-491B-B922-0FC3EF1CB04D}
	EndGlobalSection
EndGlobal
